
Microsoft Visual Studio Solution File, Format Version 12.00
# Visual Studio 14
VisualStudioVersion = 14.0.23107.0
MinimumVisualStudioVersion = 10.0.40219.1
Project("{FAE04EC0-301F-11D3-BF4B-00C04F79EFBC}") = "RestuarantLibrary", "..\Library\RestuarantLibrary\RestuarantLibrary.csproj", "{0E8639A0-AF58-4F97-8BEF-75D69CBC31EF}"
EndProject
Project("{E24C65DC-7377-472B-9ABA-BC803B73C61A}") = "Website", "..\Website\", "{28C226CE-F532-4EB0-889C-03D637ED1577}"
	ProjectSection(WebsiteProperties) = preProject
		TargetFrameworkMoniker = ".NETFramework,Version%3Dv4.5.2"
		ProjectReferences = "{0e8639a0-af58-4f97-8bef-75d69cbc31ef}|RestuarantLibrary.dll;"
		Debug.AspNetCompiler.VirtualPath = "/localhost_55168"
		Debug.AspNetCompiler.PhysicalPath = "..\Website\"
		Debug.AspNetCompiler.TargetPath = "PrecompiledWeb\localhost_55168\"
		Debug.AspNetCompiler.Updateable = "true"
		Debug.AspNetCompiler.ForceOverwrite = "true"
		Debug.AspNetCompiler.FixedNames = "false"
		Debug.AspNetCompiler.Debug = "True"
		Release.AspNetCompiler.VirtualPath = "/localhost_55168"
		Release.AspNetCompiler.PhysicalPath = "..\Website\"
		Release.AspNetCompiler.TargetPath = "PrecompiledWeb\localhost_55168\"
		Release.AspNetCompiler.Updateable = "true"
		Release.AspNetCompiler.ForceOverwrite = "true"
		Release.AspNetCompiler.FixedNames = "false"
		Release.AspNetCompiler.Debug = "False"
		VWDPort = "55168"
		SlnRelativePath = "..\Website\"
		DefaultWebSiteLanguage = "Visual C#"
	EndProjectSection
EndProject
Global
	GlobalSection(SolutionConfigurationPlatforms) = preSolution
		Debug|Any CPU = Debug|Any CPU
		Release|Any CPU = Release|Any CPU
	EndGlobalSection
	GlobalSection(ProjectConfigurationPlatforms) = postSolution
		{0E8639A0-AF58-4F97-8BEF-75D69CBC31EF}.Debug|Any CPU.ActiveCfg = Debug|Any CPU
		{0E8639A0-AF58-4F97-8BEF-75D69CBC31EF}.Debug|Any CPU.Build.0 = Debug|Any CPU
		{0E8639A0-AF58-4F97-8BEF-75D69CBC31EF}.Release|Any CPU.ActiveCfg = Release|Any CPU
		{0E8639A0-AF58-4F97-8BEF-75D69CBC31EF}.Release|Any CPU.Build.0 = Release|Any CPU
		{28C226CE-F532-4EB0-889C-03D637ED1577}.Debug|Any CPU.ActiveCfg = Debug|Any CPU
		{28C226CE-F532-4EB0-889C-03D637ED1577}.Debug|Any CPU.Build.0 = Debug|Any CPU
		{28C226CE-F532-4EB0-889C-03D637ED1577}.Release|Any CPU.ActiveCfg = Debug|Any CPU
		{28C226CE-F532-4EB0-889C-03D637ED1577}.Release|Any CPU.Build.0 = Debug|Any CPU
	EndGlobalSection
	GlobalSection(SolutionProperties) = preSolution
		HideSolutionNode = FALSE
	EndGlobalSection
EndGlobal
